// !$*UTF8*$!
{
	archiveVersion = 1;
	classes = {
	};
	objectVersion = 46;
	objects = {

/* Begin PBXBuildFile section */
		D41876CE1E49CF0D00C18E17 /* main.m in Sources */ = {isa = PBXBuildFile; fileRef = D41876CD1E49CF0D00C18E17 /* main.m */; };
		D41876D11E49CF0D00C18E17 /* AppDelegate.m in Sources */ = {isa = PBXBuildFile; fileRef = D41876D01E49CF0D00C18E17 /* AppDelegate.m */; };
		D41876D91E49CF0D00C18E17 /* Assets.xcassets in Resources */ = {isa = PBXBuildFile; fileRef = D41876D81E49CF0D00C18E17 /* Assets.xcassets */; };
		D41876DC1E49CF0D00C18E17 /* LaunchScreen.storyboard in Resources */ = {isa = PBXBuildFile; fileRef = D41876DA1E49CF0D00C18E17 /* LaunchScreen.storyboard */; };
		D41876E71E49CF0D00C18E17 /* demo3Tests.m in Sources */ = {isa = PBXBuildFile; fileRef = D41876E61E49CF0D00C18E17 /* demo3Tests.m */; };
		D41876F21E49CF0D00C18E17 /* demo3UITests.m in Sources */ = {isa = PBXBuildFile; fileRef = D41876F11E49CF0D00C18E17 /* demo3UITests.m */; };
		D41877011E49CFB900C18E17 /* QYMainNavViewController.m in Sources */ = {isa = PBXBuildFile; fileRef = D41877001E49CFB900C18E17 /* QYMainNavViewController.m */; };
		D41877071E49DC6100C18E17 /* QYRedViewController.m in Sources */ = {isa = PBXBuildFile; fileRef = D41877061E49DC6100C18E17 /* QYRedViewController.m */; };
		D418770A1E49DC7F00C18E17 /* QYBlueViewController.m in Sources */ = {isa = PBXBuildFile; fileRef = D41877091E49DC7F00C18E17 /* QYBlueViewController.m */; };
		D418770D1E49DC8F00C18E17 /* QYGreenViewController.m in Sources */ = {isa = PBXBuildFile; fileRef = D418770C1E49DC8F00C18E17 /* QYGreenViewController.m */; };
		D41877101E49DCFB00C18E17 /* QYBaseViewController.m in Sources */ = {isa = PBXBuildFile; fileRef = D418770F1E49DCFB00C18E17 /* QYBaseViewController.m */; };
		D41877161E4AFC3C00C18E17 /* UIView+Positioning.m in Sources */ = {isa = PBXBuildFile; fileRef = D41877151E4AFC3C00C18E17 /* UIView+Positioning.m */; };
/* End PBXBuildFile section */

/* Begin PBXContainerItemProxy section */
		D41876E31E49CF0D00C18E17 /* PBXContainerItemProxy */ = {
			isa = PBXContainerItemProxy;
			containerPortal = D41876C11E49CF0D00C18E17 /* Project object */;
			proxyType = 1;
			remoteGlobalIDString = D41876C81E49CF0D00C18E17;
			remoteInfo = demo3;
		};
		D41876EE1E49CF0D00C18E17 /* PBXContainerItemProxy */ = {
			isa = PBXContainerItemProxy;
			containerPortal = D41876C11E49CF0D00C18E17 /* Project object */;
			proxyType = 1;
			remoteGlobalIDString = D41876C81E49CF0D00C18E17;
			remoteInfo = demo3;
		};
/* End PBXContainerItemProxy section */

/* Begin PBXFileReference section */
		D41876C91E49CF0D00C18E17 /* demo3.app */ = {isa = PBXFileReference; explicitFileType = wrapper.application; includeInIndex = 0; path = demo3.app; sourceTree = BUILT_PRODUCTS_DIR; };
		D41876CD1E49CF0D00C18E17 /* main.m */ = {isa = PBXFileReference; lastKnownFileType = sourcecode.c.objc; path = main.m; sourceTree = "<group>"; };
		D41876CF1E49CF0D00C18E17 /* AppDelegate.h */ = {isa = PBXFileReference; lastKnownFileType = sourcecode.c.h; path = AppDelegate.h; sourceTree = "<group>"; };
		D41876D01E49CF0D00C18E17 /* AppDelegate.m */ = {isa = PBXFileReference; lastKnownFileType = sourcecode.c.objc; path = AppDelegate.m; sourceTree = "<group>"; };
		D41876D81E49CF0D00C18E17 /* Assets.xcassets */ = {isa = PBXFileReference; lastKnownFileType = folder.assetcatalog; path = Assets.xcassets; sourceTree = "<group>"; };
		D41876DB1E49CF0D00C18E17 /* Base */ = {isa = PBXFileReference; lastKnownFileType = file.storyboard; name = Base; path = Base.lproj/LaunchScreen.storyboard; sourceTree = "<group>"; };
		D41876DD1E49CF0D00C18E17 /* Info.plist */ = {isa = PBXFileReference; lastKnownFileType = text.plist.xml; path = Info.plist; sourceTree = "<group>"; };
		D41876E21E49CF0D00C18E17 /* demo3Tests.xctest */ = {isa = PBXFileReference; explicitFileType = wrapper.cfbundle; includeInIndex = 0; path = demo3Tests.xctest; sourceTree = BUILT_PRODUCTS_DIR; };
		D41876E61E49CF0D00C18E17 /* demo3Tests.m */ = {isa = PBXFileReference; lastKnownFileType = sourcecode.c.objc; path = demo3Tests.m; sourceTree = "<group>"; };
		D41876E81E49CF0D00C18E17 /* Info.plist */ = {isa = PBXFileReference; lastKnownFileType = text.plist.xml; path = Info.plist; sourceTree = "<group>"; };
		D41876ED1E49CF0D00C18E17 /* demo3UITests.xctest */ = {isa = PBXFileReference; explicitFileType = wrapper.cfbundle; includeInIndex = 0; path = demo3UITests.xctest; sourceTree = BUILT_PRODUCTS_DIR; };
		D41876F11E49CF0D00C18E17 /* demo3UITests.m */ = {isa = PBXFileReference; lastKnownFileType = sourcecode.c.objc; path = demo3UITests.m; sourceTree = "<group>"; };
		D41876F31E49CF0D00C18E17 /* Info.plist */ = {isa = PBXFileReference; lastKnownFileType = text.plist.xml; path = Info.plist; sourceTree = "<group>"; };
		D41876FF1E49CFB900C18E17 /* QYMainNavViewController.h */ = {isa = PBXFileReference; fileEncoding = 4; lastKnownFileType = sourcecode.c.h; path = QYMainNavViewController.h; sourceTree = "<group>"; };
		D41877001E49CFB900C18E17 /* QYMainNavViewController.m */ = {isa = PBXFileReference; fileEncoding = 4; lastKnownFileType = sourcecode.c.objc; path = QYMainNavViewController.m; sourceTree = "<group>"; };
		D41877051E49DC6100C18E17 /* QYRedViewController.h */ = {isa = PBXFileReference; fileEncoding = 4; lastKnownFileType = sourcecode.c.h; path = QYRedViewController.h; sourceTree = "<group>"; };
		D41877061E49DC6100C18E17 /* QYRedViewController.m */ = {isa = PBXFileReference; fileEncoding = 4; lastKnownFileType = sourcecode.c.objc; path = QYRedViewController.m; sourceTree = "<group>"; };
		D41877081E49DC7F00C18E17 /* QYBlueViewController.h */ = {isa = PBXFileReference; fileEncoding = 4; lastKnownFileType = sourcecode.c.h; path = QYBlueViewController.h; sourceTree = "<group>"; };
		D41877091E49DC7F00C18E17 /* QYBlueViewController.m */ = {isa = PBXFileReference; fileEncoding = 4; lastKnownFileType = sourcecode.c.objc; path = QYBlueViewController.m; sourceTree = "<group>"; };
		D418770B1E49DC8F00C18E17 /* QYGreenViewController.h */ = {isa = PBXFileReference; fileEncoding = 4; lastKnownFileType = sourcecode.c.h; path = QYGreenViewController.h; sourceTree = "<group>"; };
		D418770C1E49DC8F00C18E17 /* QYGreenViewController.m */ = {isa = PBXFileReference; fileEncoding = 4; lastKnownFileType = sourcecode.c.objc; path = QYGreenViewController.m; sourceTree = "<group>"; };
		D418770E1E49DCFB00C18E17 /* QYBaseViewController.h */ = {isa = PBXFileReference; fileEncoding = 4; lastKnownFileType = sourcecode.c.h; path = QYBaseViewController.h; sourceTree = "<group>"; };
		D418770F1E49DCFB00C18E17 /* QYBaseViewController.m */ = {isa = PBXFileReference; fileEncoding = 4; lastKnownFileType = sourcecode.c.objc; path = QYBaseViewController.m; sourceTree = "<group>"; };
		D41877141E4AFC3C00C18E17 /* UIView+Positioning.h */ = {isa = PBXFileReference; fileEncoding = 4; lastKnownFileType = sourcecode.c.h; path = "UIView+Positioning.h"; sourceTree = "<group>"; };
		D41877151E4AFC3C00C18E17 /* UIView+Positioning.m */ = {isa = PBXFileReference; fileEncoding = 4; lastKnownFileType = sourcecode.c.objc; path = "UIView+Positioning.m"; sourceTree = "<group>"; };
/* End PBXFileReference section */

/* Begin PBXFrameworksBuildPhase section */
		D41876C61E49CF0D00C18E17 /* Frameworks */ = {
			isa = PBXFrameworksBuildPhase;
			buildActionMask = 2147483647;
			files = (
			);
			runOnlyForDeploymentPostprocessing = 0;
		};
		D41876DF1E49CF0D00C18E17 /* Frameworks */ = {
			isa = PBXFrameworksBuildPhase;
			buildActionMask = 2147483647;
			files = (
			);
			runOnlyForDeploymentPostprocessing = 0;
		};
		D41876EA1E49CF0D00C18E17 /* Frameworks */ = {
			isa = PBXFrameworksBuildPhase;
			buildActionMask = 2147483647;
			files = (
			);
			runOnlyForDeploymentPostprocessing = 0;
		};
/* End PBXFrameworksBuildPhase section */

/* Begin PBXGroup section */
		D41876C01E49CF0D00C18E17 = {
			isa = PBXGroup;
			children = (
				D41876CB1E49CF0D00C18E17 /* demo3 */,
				D41876E51E49CF0D00C18E17 /* demo3Tests */,
				D41876F01E49CF0D00C18E17 /* demo3UITests */,
				D41876CA1E49CF0D00C18E17 /* Products */,
			);
			sourceTree = "<group>";
		};
		D41876CA1E49CF0D00C18E17 /* Products */ = {
			isa = PBXGroup;
			children = (
				D41876C91E49CF0D00C18E17 /* demo3.app */,
				D41876E21E49CF0D00C18E17 /* demo3Tests.xctest */,
				D41876ED1E49CF0D00C18E17 /* demo3UITests.xctest */,
			);
			name = Products;
			sourceTree = "<group>";
		};
		D41876CB1E49CF0D00C18E17 /* demo3 */ = {
			isa = PBXGroup;
			children = (
				D41876CF1E49CF0D00C18E17 /* AppDelegate.h */,
				D41876D01E49CF0D00C18E17 /* AppDelegate.m */,
				D41876FF1E49CFB900C18E17 /* QYMainNavViewController.h */,
				D41877001E49CFB900C18E17 /* QYMainNavViewController.m */,
				D41877121E4AFB8500C18E17 /* Sections */,
				D41877111E4AFB5300C18E17 /* Common */,
				D41876D81E49CF0D00C18E17 /* Assets.xcassets */,
				D41876DA1E49CF0D00C18E17 /* LaunchScreen.storyboard */,
				D41876DD1E49CF0D00C18E17 /* Info.plist */,
				D41876CC1E49CF0D00C18E17 /* Supporting Files */,
			);
			path = demo3;
			sourceTree = "<group>";
		};
		D41876CC1E49CF0D00C18E17 /* Supporting Files */ = {
			isa = PBXGroup;
			children = (
				D41876CD1E49CF0D00C18E17 /* main.m */,
			);
			name = "Supporting Files";
			sourceTree = "<group>";
		};
		D41876E51E49CF0D00C18E17 /* demo3Tests */ = {
			isa = PBXGroup;
			children = (
				D41876E61E49CF0D00C18E17 /* demo3Tests.m */,
				D41876E81E49CF0D00C18E17 /* Info.plist */,
			);
			path = demo3Tests;
			sourceTree = "<group>";
		};
		D41876F01E49CF0D00C18E17 /* demo3UITests */ = {
			isa = PBXGroup;
			children = (
				D41876F11E49CF0D00C18E17 /* demo3UITests.m */,
				D41876F31E49CF0D00C18E17 /* Info.plist */,
			);
			path = demo3UITests;
			sourceTree = "<group>";
		};
		D41877111E4AFB5300C18E17 /* Common */ = {
			isa = PBXGroup;
			children = (
				D41877141E4AFC3C00C18E17 /* UIView+Positioning.h */,
				D41877151E4AFC3C00C18E17 /* UIView+Positioning.m */,
			);
			name = Common;
			sourceTree = "<group>";
		};
		D41877121E4AFB8500C18E17 /* Sections */ = {
			isa = PBXGroup;
			children = (
				D41877131E4AFB9B00C18E17 /* ViewControllers */,
			);
			name = Sections;
			sourceTree = "<group>";
		};
		D41877131E4AFB9B00C18E17 /* ViewControllers */ = {
			isa = PBXGroup;
			children = (
				D41877051E49DC6100C18E17 /* QYRedViewController.h */,
				D41877061E49DC6100C18E17 /* QYRedViewController.m */,
				D41877081E49DC7F00C18E17 /* QYBlueViewController.h */,
				D41877091E49DC7F00C18E17 /* QYBlueViewController.m */,
				D418770B1E49DC8F00C18E17 /* QYGreenViewController.h */,
				D418770C1E49DC8F00C18E17 /* QYGreenViewController.m */,
				D418770E1E49DCFB00C18E17 /* QYBaseViewController.h */,
				D418770F1E49DCFB00C18E17 /* QYBaseViewController.m */,
			);
			name = ViewControllers;
			sourceTree = "<group>";
		};
/* End PBXGroup section */

/* Begin PBXNativeTarget section */
		D41876C81E49CF0D00C18E17 /* demo3 */ = {
			isa = PBXNativeTarget;
			buildConfigurationList = D41876F61E49CF0D00C18E17 /* Build configuration list for PBXNativeTarget "demo3" */;
			buildPhases = (
				D41876C51E49CF0D00C18E17 /* Sources */,
				D41876C61E49CF0D00C18E17 /* Frameworks */,
				D41876C71E49CF0D00C18E17 /* Resources */,
			);
			buildRules = (
			);
			dependencies = (
			);
			name = demo3;
			productName = demo3;
			productReference = D41876C91E49CF0D00C18E17 /* demo3.app */;
			productType = "com.apple.product-type.application";
		};
		D41876E11E49CF0D00C18E17 /* demo3Tests */ = {
			isa = PBXNativeTarget;
			buildConfigurationList = D41876F91E49CF0D00C18E17 /* Build configuration list for PBXNativeTarget "demo3Tests" */;
			buildPhases = (
				D41876DE1E49CF0D00C18E17 /* Sources */,
				D41876DF1E49CF0D00C18E17 /* Frameworks */,
				D41876E01E49CF0D00C18E17 /* Resources */,
			);
			buildRules = (
			);
			dependencies = (
				D41876E41E49CF0D00C18E17 /* PBXTargetDependency */,
			);
			name = demo3Tests;
			productName = demo3Tests;
			productReference = D41876E21E49CF0D00C18E17 /* demo3Tests.xctest */;
			productType = "com.apple.product-type.bundle.unit-test";
		};
		D41876EC1E49CF0D00C18E17 /* demo3UITests */ = {
			isa = PBXNativeTarget;
			buildConfigurationList = D41876FC1E49CF0D00C18E17 /* Build configuration list for PBXNativeTarget "demo3UITests" */;
			buildPhases = (
				D41876E91E49CF0D00C18E17 /* Sources */,
				D41876EA1E49CF0D00C18E17 /* Frameworks */,
				D41876EB1E49CF0D00C18E17 /* Resources */,
			);
			buildRules = (
			);
			dependencies = (
				D41876EF1E49CF0D00C18E17 /* PBXTargetDependency */,
			);
			name = demo3UITests;
			productName = demo3UITests;
			productReference = D41876ED1E49CF0D00C18E17 /* demo3UITests.xctest */;
			productType = "com.apple.product-type.bundle.ui-testing";
		};
/* End PBXNativeTarget section */

/* Begin PBXProject section */
		D41876C11E49CF0D00C18E17 /* Project object */ = {
			isa = PBXProject;
			attributes = {
				LastUpgradeCheck = 0820;
				ORGANIZATIONNAME = qiaoyan;
				TargetAttributes = {
					D41876C81E49CF0D00C18E17 = {
						CreatedOnToolsVersion = 8.2.1;
						DevelopmentTeam = 6Z7VF9XPAK;
						ProvisioningStyle = Automatic;
					};
					D41876E11E49CF0D00C18E17 = {
						CreatedOnToolsVersion = 8.2.1;
						ProvisioningStyle = Automatic;
						TestTargetID = D41876C81E49CF0D00C18E17;
					};
					D41876EC1E49CF0D00C18E17 = {
						CreatedOnToolsVersion = 8.2.1;
						ProvisioningStyle = Automatic;
						TestTargetID = D41876C81E49CF0D00C18E17;
					};
				};
			};
			buildConfigurationList = D41876C41E49CF0D00C18E17 /* Build configuration list for PBXProject "demo3" */;
			compatibilityVersion = "Xcode 3.2";
			developmentRegion = English;
			hasScannedForEncodings = 0;
			knownRegions = (
				en,
				Base,
			);
			mainGroup = D41876C01E49CF0D00C18E17;
			productRefGroup = D41876CA1E49CF0D00C18E17 /* Products */;
			projectDirPath = "";
			projectRoot = "";
			targets = (
				D41876C81E49CF0D00C18E17 /* demo3 */,
				D41876E11E49CF0D00C18E17 /* demo3Tests */,
				D41876EC1E49CF0D00C18E17 /* demo3UITests */,
			);
		};
/* End PBXProject section */

/* Begin PBXResourcesBuildPhase section */
		D41876C71E49CF0D00C18E17 /* Resources */ = {
			isa = PBXResourcesBuildPhase;
			buildActionMask = 2147483647;
			files = (
				D41876DC1E49CF0D00C18E17 /* LaunchScreen.storyboard in Resources */,
				D41876D91E49CF0D00C18E17 /* Assets.xcassets in Resources */,
			);
			runOnlyForDeploymentPostprocessing = 0;
		};
		D41876E01E49CF0D00C18E17 /* Resources */ = {
			isa = PBXResourcesBuildPhase;
			buildActionMask = 2147483647;
			files = (
			);
			runOnlyForDeploymentPostprocessing = 0;
		};
		D41876EB1E49CF0D00C18E17 /* Resources */ = {
			isa = PBXResourcesBuildPhase;
			buildActionMask = 2147483647;
			files = (
			);
			runOnlyForDeploymentPostprocessing = 0;
		};
/* End PBXResourcesBuildPhase section */

/* Begin PBXSourcesBuildPhase section */
		D41876C51E49CF0D00C18E17 /* Sources */ = {
			isa = PBXSourcesBuildPhase;
			buildActionMask = 2147483647;
			files = (
				D41877161E4AFC3C00C18E17 /* UIView+Positioning.m in Sources */,
				D418770D1E49DC8F00C18E17 /* QYGreenViewController.m in Sources */,
				D418770A1E49DC7F00C18E17 /* QYBlueViewController.m in Sources */,
				D41876D11E49CF0D00C18E17 /* AppDelegate.m in Sources */,
				D41877101E49DCFB00C18E17 /* QYBaseViewController.m in Sources */,
				D41876CE1E49CF0D00C18E17 /* main.m in Sources */,
				D41877071E49DC6100C18E17 /* QYRedViewController.m in Sources */,
				D41877011E49CFB900C18E17 /* QYMainNavViewController.m in Sources */,
			);
			runOnlyForDeploymentPostprocessing = 0;
		};
		D41876DE1E49CF0D00C18E17 /* Sources */ = {
			isa = PBXSourcesBuildPhase;
			buildActionMask = 2147483647;
			files = (
				D41876E71E49CF0D00C18E17 /* demo3Tests.m in Sources */,
			);
			runOnlyForDeploymentPostprocessing = 0;
		};
		D41876E91E49CF0D00C18E17 /* Sources */ = {
			isa = PBXSourcesBuildPhase;
			buildActionMask = 2147483647;
			files = (
				D41876F21E49CF0D00C18E17 /* demo3UITests.m in Sources */,
			);
			runOnlyForDeploymentPostprocessing = 0;
		};
/* End PBXSourcesBuildPhase section */

/* Begin PBXTargetDependency section */
		D41876E41E49CF0D00C18E17 /* PBXTargetDependency */ = {
			isa = PBXTargetDependency;
			target = D41876C81E49CF0D00C18E17 /* demo3 */;
			targetProxy = D41876E31E49CF0D00C18E17 /* PBXContainerItemProxy */;
		};
		D41876EF1E49CF0D00C18E17 /* PBXTargetDependency */ = {
			isa = PBXTargetDependency;
			target = D41876C81E49CF0D00C18E17 /* demo3 */;
			targetProxy = D41876EE1E49CF0D00C18E17 /* PBXContainerItemProxy */;
		};
/* End PBXTargetDependency section */

/* Begin PBXVariantGroup section */
		D41876DA1E49CF0D00C18E17 /* LaunchScreen.storyboard */ = {
			isa = PBXVariantGroup;
			children = (
				D41876DB1E49CF0D00C18E17 /* Base */,
			);
			name = LaunchScreen.storyboard;
			sourceTree = "<group>";
		};
/* End PBXVariantGroup section */

/* Begin XCBuildConfiguration section */
		D41876F41E49CF0D00C18E17 /* Debug */ = {
			isa = XCBuildConfiguration;
			buildSettings = {
				ALWAYS_SEARCH_USER_PATHS = NO;
				CLANG_ANALYZER_NONNULL = YES;
				CLANG_CXX_LANGUAGE_STANDARD = "gnu++0x";
				CLANG_CXX_LIBRARY = "libc++";
				CLANG_ENABLE_MODULES = YES;
				CLANG_ENABLE_OBJC_ARC = YES;
				CLANG_WARN_BOOL_CONVERSION = YES;
				CLANG_WARN_CONSTANT_CONVERSION = YES;
				CLANG_WARN_DIRECT_OBJC_ISA_USAGE = YES_ERROR;
				CLANG_WARN_DOCUMENTATION_COMMENTS = YES;
				CLANG_WARN_EMPTY_BODY = YES;
				CLANG_WARN_ENUM_CONVERSION = YES;
				CLANG_WARN_INFINITE_RECURSION = YES;
				CLANG_WARN_INT_CONVERSION = YES;
				CLANG_WARN_OBJC_ROOT_CLASS = YES_ERROR;
				CLANG_WARN_SUSPICIOUS_MOVE = YES;
				CLANG_WARN_UNREACHABLE_CODE = YES;
				CLANG_WARN__DUPLICATE_METHOD_MATCH = YES;
				"CODE_SIGN_IDENTITY[sdk=iphoneos*]" = "iPhone Developer";
				COPY_PHASE_STRIP = NO;
				DEBUG_INFORMATION_FORMAT = dwarf;
				ENABLE_STRICT_OBJC_MSGSEND = YES;
				ENABLE_TESTABILITY = YES;
				GCC_C_LANGUAGE_STANDARD = gnu99;
				GCC_DYNAMIC_NO_PIC = NO;
				GCC_NO_COMMON_BLOCKS = YES;
				GCC_OPTIMIZATION_LEVEL = 0;
				GCC_PREPROCESSOR_DEFINITIONS = (
					"DEBUG=1",
					"$(inherited)",
				);
				GCC_WARN_64_TO_32_BIT_CONVERSION = YES;
				GCC_WARN_ABOUT_RETURN_TYPE = YES_ERROR;
				GCC_WARN_UNDECLARED_SELECTOR = YES;
				GCC_WARN_UNINITIALIZED_AUTOS = YES_AGGRESSIVE;
				GCC_WARN_UNUSED_FUNCTION = YES;
				GCC_WARN_UNUSED_VARIABLE = YES;
				IPHONEOS_DEPLOYMENT_TARGET = 10.2;
				MTL_ENABLE_DEBUG_INFO = YES;
				ONLY_ACTIVE_ARCH = YES;
				SDKROOT = iphoneos;
				TARGETED_DEVICE_FAMILY = "1,2";
			};
			name = Debug;
		};
		D41876F51E49CF0D00C18E17 /* Release */ = {
			isa = XCBuildConfiguration;
			buildSettings = {
				ALWAYS_SEARCH_USER_PATHS = NO;
				CLANG_ANALYZER_NONNULL = YES;
				CLANG_CXX_LANGUAGE_STANDARD = "gnu++0x";
				CLANG_CXX_LIBRARY = "libc++";
				CLANG_ENABLE_MODULES = YES;
				CLANG_ENABLE_OBJC_ARC = YES;
				CLANG_WARN_BOOL_CONVERSION = YES;
				CLANG_WARN_CONSTANT_CONVERSION = YES;
				CLANG_WARN_DIRECT_OBJC_ISA_USAGE = YES_ERROR;
				CLANG_WARN_DOCUMENTATION_COMMENTS = YES;
				CLANG_WARN_EMPTY_BODY = YES;
				CLANG_WARN_ENUM_CONVERSION = YES;
				CLANG_WARN_INFINITE_RECURSION = YES;
				CLANG_WARN_INT_CONVERSION = YES;
				CLANG_WARN_OBJC_ROOT_CLASS = YES_ERROR;
				CLANG_WARN_SUSPICIOUS_MOVE = YES;
				CLANG_WARN_UNREACHABLE_CODE = YES;
				CLANG_WARN__DUPLICATE_METHOD_MATCH = YES;
				"CODE_SIGN_IDENTITY[sdk=iphoneos*]" = "iPhone Developer";
				COPY_PHASE_STRIP = NO;
				DEBUG_INFORMATION_FORMAT = "dwarf-with-dsym";
				ENABLE_NS_ASSERTIONS = NO;
				ENABLE_STRICT_OBJC_MSGSEND = YES;
				GCC_C_LANGUAGE_STANDARD = gnu99;
				GCC_NO_COMMON_BLOCKS = YES;
				GCC_WARN_64_TO_32_BIT_CONVERSION = YES;
				GCC_WARN_ABOUT_RETURN_TYPE = YES_ERROR;
				GCC_WARN_UNDECLARED_SELECTOR = YES;
				GCC_WARN_UNINITIALIZED_AUTOS = YES_AGGRESSIVE;
				GCC_WARN_UNUSED_FUNCTION = YES;
				GCC_WARN_UNUSED_VARIABLE = YES;
				IPHONEOS_DEPLOYMENT_TARGET = 10.2;
				MTL_ENABLE_DEBUG_INFO = NO;
				SDKROOT = iphoneos;
				TARGETED_DEVICE_FAMILY = "1,2";
				VALIDATE_PRODUCT = YES;
			};
			name = Release;
		};
		D41876F71E49CF0D00C18E17 /* Debug */ = {
			isa = XCBuildConfiguration;
			buildSettings = {
				ASSETCATALOG_COMPILER_APPICON_NAME = AppIcon;
				DEVELOPMENT_TEAM = 6Z7VF9XPAK;
				INFOPLIST_FILE = demo3/Info.plist;
				IPHONEOS_DEPLOYMENT_TARGET = 9.0;
				LD_RUNPATH_SEARCH_PATHS = "$(inherited) @executable_path/Frameworks";
				PRODUCT_BUNDLE_IDENTIFIER = com.qy.test.demo3;
				PRODUCT_NAME = "$(TARGET_NAME)";
			};
			name = Debug;
		};
		D41876F81E49CF0D00C18E17 /* Release */ = {
			isa = XCBuildConfiguration;
			buildSettings = {
				ASSETCATALOG_COMPILER_APPICON_NAME = AppIcon;
				DEVELOPMENT_TEAM = 6Z7VF9XPAK;
				INFOPLIST_FILE = demo3/Info.plist;
				IPHONEOS_DEPLOYMENT_TARGET = 9.0;
				LD_RUNPATH_SEARCH_PATHS = "$(inherited) @executable_path/Frameworks";
				PRODUCT_BUNDLE_IDENTIFIER = com.qy.test.demo3;
				PRODUCT_NAME = "$(TARGET_NAME)";
			};
			name = Release;
		};
		D41876FA1E49CF0D00C18E17 /* Debug */ = {
			isa = XCBuildConfiguration;
			buildSettings = {
				BUNDLE_LOADER = "$(TEST_HOST)";
				INFOPLIST_FILE = demo3Tests/Info.plist;
				LD_RUNPATH_SEARCH_PATHS = "$(inherited) @executable_path/Frameworks @loader_path/Frameworks";
				PRODUCT_BUNDLE_IDENTIFIER = com.qy.test.demo3Tests;
				PRODUCT_NAME = "$(TARGET_NAME)";
				TEST_HOST = "$(BUILT_PRODUCTS_DIR)/demo3.app/demo3";
			};
			name = Debug;
		};
		D41876FB1E49CF0D00C18E17 /* Release */ = {
			isa = XCBuildConfiguration;
			buildSettings = {
				BUNDLE_LOADER = "$(TEST_HOST)";
				INFOPLIST_FILE = demo3Tests/Info.plist;
				LD_RUNPATH_SEARCH_PATHS = "$(inherited) @executable_path/Frameworks @loader_path/Frameworks";
				PRODUCT_BUNDLE_IDENTIFIER = com.qy.test.demo3Tests;
				PRODUCT_NAME = "$(TARGET_NAME)";
				TEST_HOST = "$(BUILT_PRODUCTS_DIR)/demo3.app/demo3";
			};
			name = Release;
		};
		D41876FD1E49CF0D00C18E17 /* Debug */ = {
			isa = XCBuildConfiguration;
			buildSettings = {
				INFOPLIST_FILE = demo3UITests/Info.plist;
				LD_RUNPATH_SEARCH_PATHS = "$(inherited) @executable_path/Frameworks @loader_path/Frameworks";
				PRODUCT_BUNDLE_IDENTIFIER = com.qy.test.demo3UITests;
				PRODUCT_NAME = "$(TARGET_NAME)";
				TEST_TARGET_NAME = demo3;
			};
			name = Debug;
		};
		D41876FE1E49CF0D00C18E17 /* Release */ = {
			isa = XCBuildConfiguration;
			buildSettings = {
				INFOPLIST_FILE = demo3UITests/Info.plist;
				LD_RUNPATH_SEARCH_PATHS = "$(inherited) @executable_path/Frameworks @loader_path/Frameworks";
				PRODUCT_BUNDLE_IDENTIFIER = com.qy.test.demo3UITests;
				PRODUCT_NAME = "$(TARGET_NAME)";
				TEST_TARGET_NAME = demo3;
			};
			name = Release;
		};
/* End XCBuildConfiguration section */

/* Begin XCConfigurationList section */
		D41876C41E49CF0D00C18E17 /* Build configuration list for PBXProject "demo3" */ = {
			isa = XCConfigurationList;
			buildConfigurations = (
				D41876F41E49CF0D00C18E17 /* Debug */,
				D41876F51E49CF0D00C18E17 /* Release */,
			);
			defaultConfigurationIsVisible = 0;
			defaultConfigurationName = Release;
		};
		D41876F61E49CF0D00C18E17 /* Build configuration list for PBXNativeTarget "demo3" */ = {
			isa = XCConfigurationList;
			buildConfigurations = (
				D41876F71E49CF0D00C18E17 /* Debug */,
				D41876F81E49CF0D00C18E17 /* Release */,
			);
			defaultConfigurationIsVisible = 0;
		};
		D41876F91E49CF0D00C18E17 /* Build configuration list for PBXNativeTarget "demo3Tests" */ = {
			isa = XCConfigurationList;
			buildConfigurations = (
				D41876FA1E49CF0D00C18E17 /* Debug */,
				D41876FB1E49CF0D00C18E17 /* Release */,
			);
			defaultConfigurationIsVisible = 0;
		};
		D41876FC1E49CF0D00C18E17 /* Build configuration list for PBXNativeTarget "demo3UITests" */ = {
			isa = XCConfigurationList;
			buildConfigurations = (
				D41876FD1E49CF0D00C18E17 /* Debug */,
				D41876FE1E49CF0D00C18E17 /* Release */,
			);
			defaultConfigurationIsVisible = 0;
		};
/* End XCConfigurationList section */
	};
	rootObject = D41876C11E49CF0D00C18E17 /* Project object */;
}
